
Microsoft Visual Studio Solution File, Format Version 12.00
# Visual Studio Version 16
VisualStudioVersion = 16.0.30011.22
MinimumVisualStudioVersion = 10.0.40219.1
Project("{FAE04EC0-301F-11D3-BF4B-00C04F79EFBC}") = "ConsoleApp2", "ConsoleApp2\ConsoleApp2.csproj", "{C3D018B1-B192-4BE7-9CE2-BA95C1E37877}"
EndProject
Global
	GlobalSection(SolutionConfigurationPlatforms) = preSolution
		Debug|Any CPU = Debug|Any CPU
		Release|Any CPU = Release|Any CPU
	EndGlobalSection
	GlobalSection(ProjectConfigurationPlatforms) = postSolution
		{C3D018B1-B192-4BE7-9CE2-BA95C1E37877}.Debug|Any CPU.ActiveCfg = Debug|Any CPU
		{C3D018B1-B192-4BE7-9CE2-BA95C1E37877}.Debug|Any CPU.Build.0 = Debug|Any CPU
		{C3D018B1-B192-4BE7-9CE2-BA95C1E37877}.Release|Any CPU.ActiveCfg = Release|Any CPU
		{C3D018B1-B192-4BE7-9CE2-BA95C1E37877}.Release|Any CPU.Build.0 = Release|Any CPU
	EndGlobalSection
	GlobalSection(SolutionProperties) = preSolution
		HideSolutionNode = FALSE
	EndGlobalSection
	GlobalSection(ExtensibilityGlobals) = postSolution
		SolutionGuid = {8B0DC9D1-1CE7-4B70-99F2-9493D72CEEB1}
	EndGlobalSection
EndGlobal
